
Microsoft Visual Studio Solution File, Format Version 12.00
# Visual Studio Version 17
VisualStudioVersion = 17.1.32421.90
MinimumVisualStudioVersion = 10.0.40219.1
Project("{2150E333-8FDC-42A3-9474-1A3956D46DE8}") = "Business Layer", "Business Layer", "{3915BD41-C7E7-4371-AC39-542602351ADE}"
EndProject
Project("{2150E333-8FDC-42A3-9474-1A3956D46DE8}") = "Data Layer", "Data Layer", "{2DE20290-584D-47BC-9C0E-0712524308FF}"
EndProject
Project("{2150E333-8FDC-42A3-9474-1A3956D46DE8}") = "Presentation Layer", "Presentation Layer", "{EB12C7CE-15F0-4052-B301-9A7141F663BE}"
EndProject
Project("{9A19103F-16F7-4668-BE54-9A1E7A4F7556}") = "SalesWinApp", "SalesWinApp\SalesWinApp.csproj", "{1BAE9D33-3211-42B9-959D-42AD264E7B10}"
EndProject
Project("{9A19103F-16F7-4668-BE54-9A1E7A4F7556}") = "BusinessObject", "BusinessObject\BusinessObject.csproj", "{6886C710-86F0-4F7E-A4D7-5487E6FCBF2A}"
EndProject
Project("{9A19103F-16F7-4668-BE54-9A1E7A4F7556}") = "DataAccess", "DataAcces\DataAccess.csproj", "{2617182D-DC6D-4D3B-8911-69AECBD5A052}"
EndProject
Global
	GlobalSection(SolutionConfigurationPlatforms) = preSolution
		Debug|Any CPU = Debug|Any CPU
		Release|Any CPU = Release|Any CPU
	EndGlobalSection
	GlobalSection(ProjectConfigurationPlatforms) = postSolution
		{1BAE9D33-3211-42B9-959D-42AD264E7B10}.Debug|Any CPU.ActiveCfg = Debug|Any CPU
		{1BAE9D33-3211-42B9-959D-42AD264E7B10}.Debug|Any CPU.Build.0 = Debug|Any CPU
		{1BAE9D33-3211-42B9-959D-42AD264E7B10}.Release|Any CPU.ActiveCfg = Release|Any CPU
		{1BAE9D33-3211-42B9-959D-42AD264E7B10}.Release|Any CPU.Build.0 = Release|Any CPU
		{6886C710-86F0-4F7E-A4D7-5487E6FCBF2A}.Debug|Any CPU.ActiveCfg = Debug|Any CPU
		{6886C710-86F0-4F7E-A4D7-5487E6FCBF2A}.Debug|Any CPU.Build.0 = Debug|Any CPU
		{6886C710-86F0-4F7E-A4D7-5487E6FCBF2A}.Release|Any CPU.ActiveCfg = Release|Any CPU
		{6886C710-86F0-4F7E-A4D7-5487E6FCBF2A}.Release|Any CPU.Build.0 = Release|Any CPU
		{2617182D-DC6D-4D3B-8911-69AECBD5A052}.Debug|Any CPU.ActiveCfg = Debug|Any CPU
		{2617182D-DC6D-4D3B-8911-69AECBD5A052}.Debug|Any CPU.Build.0 = Debug|Any CPU
		{2617182D-DC6D-4D3B-8911-69AECBD5A052}.Release|Any CPU.ActiveCfg = Release|Any CPU
		{2617182D-DC6D-4D3B-8911-69AECBD5A052}.Release|Any CPU.Build.0 = Release|Any CPU
	EndGlobalSection
	GlobalSection(SolutionProperties) = preSolution
		HideSolutionNode = FALSE
	EndGlobalSection
	GlobalSection(NestedProjects) = preSolution
		{1BAE9D33-3211-42B9-959D-42AD264E7B10} = {EB12C7CE-15F0-4052-B301-9A7141F663BE}
		{6886C710-86F0-4F7E-A4D7-5487E6FCBF2A} = {3915BD41-C7E7-4371-AC39-542602351ADE}
		{2617182D-DC6D-4D3B-8911-69AECBD5A052} = {2DE20290-584D-47BC-9C0E-0712524308FF}
	EndGlobalSection
	GlobalSection(ExtensibilityGlobals) = postSolution
		SolutionGuid = {4919D9AA-7944-4AAA-863A-6E385202C8CF}
	EndGlobalSection
EndGlobal
